// !$*UTF8*$!
{
	archiveVersion = 1;
	classes = {
	};
	objectVersion = 46;
	objects = {

/* Begin PBXBuildFile section */
		FA9E2F941C65BBFE004EA185 /* AppDelegate.swift in Sources */ = {isa = PBXBuildFile; fileRef = FA9E2F931C65BBFE004EA185 /* AppDelegate.swift */; };
		FA9E2F961C65BBFE004EA185 /* ViewController.swift in Sources */ = {isa = PBXBuildFile; fileRef = FA9E2F951C65BBFE004EA185 /* ViewController.swift */; };
		FA9E2F991C65BBFE004EA185 /* Main.storyboard in Resources */ = {isa = PBXBuildFile; fileRef = FA9E2F971C65BBFE004EA185 /* Main.storyboard */; };
		FA9E2F9C1C65BBFE004EA185 /* test.xcdatamodeld in Sources */ = {isa = PBXBuildFile; fileRef = FA9E2F9A1C65BBFE004EA185 /* test.xcdatamodeld */; };
		FA9E2F9E1C65BBFE004EA185 /* Assets.xcassets in Resources */ = {isa = PBXBuildFile; fileRef = FA9E2F9D1C65BBFE004EA185 /* Assets.xcassets */; };
		FA9E2FA11C65BBFE004EA185 /* LaunchScreen.storyboard in Resources */ = {isa = PBXBuildFile; fileRef = FA9E2F9F1C65BBFE004EA185 /* LaunchScreen.storyboard */; };
		FA9E2FAC1C65BBFE004EA185 /* testTests.swift in Sources */ = {isa = PBXBuildFile; fileRef = FA9E2FAB1C65BBFE004EA185 /* testTests.swift */; };
		FA9E2FB71C65BBFE004EA185 /* testUITests.swift in Sources */ = {isa = PBXBuildFile; fileRef = FA9E2FB61C65BBFE004EA185 /* testUITests.swift */; };
/* End PBXBuildFile section */

/* Begin PBXContainerItemProxy section */
		FA9E2FA81C65BBFE004EA185 /* PBXContainerItemProxy */ = {
			isa = PBXContainerItemProxy;
			containerPortal = FA9E2F881C65BBFE004EA185 /* Project object */;
			proxyType = 1;
			remoteGlobalIDString = FA9E2F8F1C65BBFE004EA185;
			remoteInfo = test;
		};
		FA9E2FB31C65BBFE004EA185 /* PBXContainerItemProxy */ = {
			isa = PBXContainerItemProxy;
			containerPortal = FA9E2F881C65BBFE004EA185 /* Project object */;
			proxyType = 1;
			remoteGlobalIDString = FA9E2F8F1C65BBFE004EA185;
			remoteInfo = test;
		};
/* End PBXContainerItemProxy section */

/* Begin PBXFileReference section */
		FA9E2F901C65BBFE004EA185 /* test.app */ = {isa = PBXFileReference; explicitFileType = wrapper.application; includeInIndex = 0; path = test.app; sourceTree = BUILT_PRODUCTS_DIR; };
		FA9E2F931C65BBFE004EA185 /* AppDelegate.swift */ = {isa = PBXFileReference; lastKnownFileType = sourcecode.swift; path = AppDelegate.swift; sourceTree = "<group>"; };
		FA9E2F951C65BBFE004EA185 /* ViewController.swift */ = {isa = PBXFileReference; lastKnownFileType = sourcecode.swift; path = ViewController.swift; sourceTree = "<group>"; };
		FA9E2F981C65BBFE004EA185 /* Base */ = {isa = PBXFileReference; lastKnownFileType = file.storyboard; name = Base; path = Base.lproj/Main.storyboard; sourceTree = "<group>"; };
		FA9E2F9B1C65BBFE004EA185 /* test.xcdatamodel */ = {isa = PBXFileReference; lastKnownFileType = wrapper.xcdatamodel; path = test.xcdatamodel; sourceTree = "<group>"; };
		FA9E2F9D1C65BBFE004EA185 /* Assets.xcassets */ = {isa = PBXFileReference; lastKnownFileType = folder.assetcatalog; path = Assets.xcassets; sourceTree = "<group>"; };
		FA9E2FA01C65BBFE004EA185 /* Base */ = {isa = PBXFileReference; lastKnownFileType = file.storyboard; name = Base; path = Base.lproj/LaunchScreen.storyboard; sourceTree = "<group>"; };
		FA9E2FA21C65BBFE004EA185 /* Info.plist */ = {isa = PBXFileReference; lastKnownFileType = text.plist.xml; path = Info.plist; sourceTree = "<group>"; };
		FA9E2FA71C65BBFE004EA185 /* testTests.xctest */ = {isa = PBXFileReference; explicitFileType = wrapper.cfbundle; includeInIndex = 0; path = testTests.xctest; sourceTree = BUILT_PRODUCTS_DIR; };
		FA9E2FAB1C65BBFE004EA185 /* testTests.swift */ = {isa = PBXFileReference; lastKnownFileType = sourcecode.swift; path = testTests.swift; sourceTree = "<group>"; };
		FA9E2FAD1C65BBFE004EA185 /* Info.plist */ = {isa = PBXFileReference; lastKnownFileType = text.plist.xml; path = Info.plist; sourceTree = "<group>"; };
		FA9E2FB21C65BBFE004EA185 /* testUITests.xctest */ = {isa = PBXFileReference; explicitFileType = wrapper.cfbundle; includeInIndex = 0; path = testUITests.xctest; sourceTree = BUILT_PRODUCTS_DIR; };
		FA9E2FB61C65BBFE004EA185 /* testUITests.swift */ = {isa = PBXFileReference; lastKnownFileType = sourcecode.swift; path = testUITests.swift; sourceTree = "<group>"; };
		FA9E2FB81C65BBFE004EA185 /* Info.plist */ = {isa = PBXFileReference; lastKnownFileType = text.plist.xml; path = Info.plist; sourceTree = "<group>"; };
/* End PBXFileReference section */

/* Begin PBXFrameworksBuildPhase section */
		FA9E2F8D1C65BBFE004EA185 /* Frameworks */ = {
			isa = PBXFrameworksBuildPhase;
			buildActionMask = 2147483647;
			files = (
			);
			runOnlyForDeploymentPostprocessing = 0;
		};
		FA9E2FA41C65BBFE004EA185 /* Frameworks */ = {
			isa = PBXFrameworksBuildPhase;
			buildActionMask = 2147483647;
			files = (
			);
			runOnlyForDeploymentPostprocessing = 0;
		};
		FA9E2FAF1C65BBFE004EA185 /* Frameworks */ = {
			isa = PBXFrameworksBuildPhase;
			buildActionMask = 2147483647;
			files = (
			);
			runOnlyForDeploymentPostprocessing = 0;
		};
/* End PBXFrameworksBuildPhase section */

/* Begin PBXGroup section */
		FA9E2F871C65BBFE004EA185 = {
			isa = PBXGroup;
			children = (
				FA9E2F921C65BBFE004EA185 /* test */,
				FA9E2FAA1C65BBFE004EA185 /* testTests */,
				FA9E2FB51C65BBFE004EA185 /* testUITests */,
				FA9E2F911C65BBFE004EA185 /* Products */,
			);
			sourceTree = "<group>";
		};
		FA9E2F911C65BBFE004EA185 /* Products */ = {
			isa = PBXGroup;
			children = (
				FA9E2F901C65BBFE004EA185 /* test.app */,
				FA9E2FA71C65BBFE004EA185 /* testTests.xctest */,
				FA9E2FB21C65BBFE004EA185 /* testUITests.xctest */,
			);
			name = Products;
			sourceTree = "<group>";
		};
		FA9E2F921C65BBFE004EA185 /* test */ = {
			isa = PBXGroup;
			children = (
				FA9E2F931C65BBFE004EA185 /* AppDelegate.swift */,
				FA9E2F951C65BBFE004EA185 /* ViewController.swift */,
				FA9E2F971C65BBFE004EA185 /* Main.storyboard */,
				FA9E2F9D1C65BBFE004EA185 /* Assets.xcassets */,
				FA9E2F9F1C65BBFE004EA185 /* LaunchScreen.storyboard */,
				FA9E2FA21C65BBFE004EA185 /* Info.plist */,
				FA9E2F9A1C65BBFE004EA185 /* test.xcdatamodeld */,
			);
			path = test;
			sourceTree = "<group>";
		};
		FA9E2FAA1C65BBFE004EA185 /* testTests */ = {
			isa = PBXGroup;
			children = (
				FA9E2FAB1C65BBFE004EA185 /* testTests.swift */,
				FA9E2FAD1C65BBFE004EA185 /* Info.plist */,
			);
			path = testTests;
			sourceTree = "<group>";
		};
		FA9E2FB51C65BBFE004EA185 /* testUITests */ = {
			isa = PBXGroup;
			children = (
				FA9E2FB61C65BBFE004EA185 /* testUITests.swift */,
				FA9E2FB81C65BBFE004EA185 /* Info.plist */,
			);
			path = testUITests;
			sourceTree = "<group>";
		};
/* End PBXGroup section */

/* Begin PBXNativeTarget section */
		FA9E2F8F1C65BBFE004EA185 /* test */ = {
			isa = PBXNativeTarget;
			buildConfigurationList = FA9E2FBB1C65BBFE004EA185 /* Build configuration list for PBXNativeTarget "test" */;
			buildPhases = (
				FA9E2F8C1C65BBFE004EA185 /* Sources */,
				FA9E2F8D1C65BBFE004EA185 /* Frameworks */,
				FA9E2F8E1C65BBFE004EA185 /* Resources */,
			);
			buildRules = (
			);
			dependencies = (
			);
			name = test;
			productName = test;
			productReference = FA9E2F901C65BBFE004EA185 /* test.app */;
			productType = "com.apple.product-type.application";
		};
		FA9E2FA61C65BBFE004EA185 /* testTests */ = {
			isa = PBXNativeTarget;
			buildConfigurationList = FA9E2FBE1C65BBFE004EA185 /* Build configuration list for PBXNativeTarget "testTests" */;
			buildPhases = (
				FA9E2FA31C65BBFE004EA185 /* Sources */,
				FA9E2FA41C65BBFE004EA185 /* Frameworks */,
				FA9E2FA51C65BBFE004EA185 /* Resources */,
			);
			buildRules = (
			);
			dependencies = (
				FA9E2FA91C65BBFE004EA185 /* PBXTargetDependency */,
			);
			name = testTests;
			productName = testTests;
			productReference = FA9E2FA71C65BBFE004EA185 /* testTests.xctest */;
			productType = "com.apple.product-type.bundle.unit-test";
		};
		FA9E2FB11C65BBFE004EA185 /* testUITests */ = {
			isa = PBXNativeTarget;
			buildConfigurationList = FA9E2FC11C65BBFE004EA185 /* Build configuration list for PBXNativeTarget "testUITests" */;
			buildPhases = (
				FA9E2FAE1C65BBFE004EA185 /* Sources */,
				FA9E2FAF1C65BBFE004EA185 /* Frameworks */,
				FA9E2FB01C65BBFE004EA185 /* Resources */,
			);
			buildRules = (
			);
			dependencies = (
				FA9E2FB41C65BBFE004EA185 /* PBXTargetDependency */,
			);
			name = testUITests;
			productName = testUITests;
			productReference = FA9E2FB21C65BBFE004EA185 /* testUITests.xctest */;
			productType = "com.apple.product-type.bundle.ui-testing";
		};
/* End PBXNativeTarget section */

/* Begin PBXProject section */
		FA9E2F881C65BBFE004EA185 /* Project object */ = {
			isa = PBXProject;
			attributes = {
				LastSwiftUpdateCheck = 0720;
				LastUpgradeCheck = 0720;
				ORGANIZATIONNAME = "Nishinaka Tomoki";
				TargetAttributes = {
					FA9E2F8F1C65BBFE004EA185 = {
						CreatedOnToolsVersion = 7.2;
					};
					FA9E2FA61C65BBFE004EA185 = {
						CreatedOnToolsVersion = 7.2;
						TestTargetID = FA9E2F8F1C65BBFE004EA185;
					};
					FA9E2FB11C65BBFE004EA185 = {
						CreatedOnToolsVersion = 7.2;
						TestTargetID = FA9E2F8F1C65BBFE004EA185;
					};
				};
			};
			buildConfigurationList = FA9E2F8B1C65BBFE004EA185 /* Build configuration list for PBXProject "test" */;
			compatibilityVersion = "Xcode 3.2";
			developmentRegion = English;
			hasScannedForEncodings = 0;
			knownRegions = (
				en,
				Base,
			);
			mainGroup = FA9E2F871C65BBFE004EA185;
			productRefGroup = FA9E2F911C65BBFE004EA185 /* Products */;
			projectDirPath = "";
			projectRoot = "";
			targets = (
				FA9E2F8F1C65BBFE004EA185 /* test */,
				FA9E2FA61C65BBFE004EA185 /* testTests */,
				FA9E2FB11C65BBFE004EA185 /* testUITests */,
			);
		};
/* End PBXProject section */

/* Begin PBXResourcesBuildPhase section */
		FA9E2F8E1C65BBFE004EA185 /* Resources */ = {
			isa = PBXResourcesBuildPhase;
			buildActionMask = 2147483647;
			files = (
				FA9E2FA11C65BBFE004EA185 /* LaunchScreen.storyboard in Resources */,
				FA9E2F9E1C65BBFE004EA185 /* Assets.xcassets in Resources */,
				FA9E2F991C65BBFE004EA185 /* Main.storyboard in Resources */,
			);
			runOnlyForDeploymentPostprocessing = 0;
		};
		FA9E2FA51C65BBFE004EA185 /* Resources */ = {
			isa = PBXResourcesBuildPhase;
			buildActionMask = 2147483647;
			files = (
			);
			runOnlyForDeploymentPostprocessing = 0;
		};
		FA9E2FB01C65BBFE004EA185 /* Resources */ = {
			isa = PBXResourcesBuildPhase;
			buildActionMask = 2147483647;
			files = (
			);
			runOnlyForDeploymentPostprocessing = 0;
		};
/* End PBXResourcesBuildPhase section */

/* Begin PBXSourcesBuildPhase section */
		FA9E2F8C1C65BBFE004EA185 /* Sources */ = {
			isa = PBXSourcesBuildPhase;
			buildActionMask = 2147483647;
			files = (
				FA9E2F961C65BBFE004EA185 /* ViewController.swift in Sources */,
				FA9E2F941C65BBFE004EA185 /* AppDelegate.swift in Sources */,
				FA9E2F9C1C65BBFE004EA185 /* test.xcdatamodeld in Sources */,
			);
			runOnlyForDeploymentPostprocessing = 0;
		};
		FA9E2FA31C65BBFE004EA185 /* Sources */ = {
			isa = PBXSourcesBuildPhase;
			buildActionMask = 2147483647;
			files = (
				FA9E2FAC1C65BBFE004EA185 /* testTests.swift in Sources */,
			);
			runOnlyForDeploymentPostprocessing = 0;
		};
		FA9E2FAE1C65BBFE004EA185 /* Sources */ = {
			isa = PBXSourcesBuildPhase;
			buildActionMask = 2147483647;
			files = (
				FA9E2FB71C65BBFE004EA185 /* testUITests.swift in Sources */,
			);
			runOnlyForDeploymentPostprocessing = 0;
		};
/* End PBXSourcesBuildPhase section */

/* Begin PBXTargetDependency section */
		FA9E2FA91C65BBFE004EA185 /* PBXTargetDependency */ = {
			isa = PBXTargetDependency;
			target = FA9E2F8F1C65BBFE004EA185 /* test */;
			targetProxy = FA9E2FA81C65BBFE004EA185 /* PBXContainerItemProxy */;
		};
		FA9E2FB41C65BBFE004EA185 /* PBXTargetDependency */ = {
			isa = PBXTargetDependency;
			target = FA9E2F8F1C65BBFE004EA185 /* test */;
			targetProxy = FA9E2FB31C65BBFE004EA185 /* PBXContainerItemProxy */;
		};
/* End PBXTargetDependency section */

/* Begin PBXVariantGroup section */
		FA9E2F971C65BBFE004EA185 /* Main.storyboard */ = {
			isa = PBXVariantGroup;
			children = (
				FA9E2F981C65BBFE004EA185 /* Base */,
			);
			name = Main.storyboard;
			sourceTree = "<group>";
		};
		FA9E2F9F1C65BBFE004EA185 /* LaunchScreen.storyboard */ = {
			isa = PBXVariantGroup;
			children = (
				FA9E2FA01C65BBFE004EA185 /* Base */,
			);
			name = LaunchScreen.storyboard;
			sourceTree = "<group>";
		};
/* End PBXVariantGroup section */

/* Begin XCBuildConfiguration section */
		FA9E2FB91C65BBFE004EA185 /* Debug */ = {
			isa = XCBuildConfiguration;
			buildSettings = {
				ALWAYS_SEARCH_USER_PATHS = NO;
				CLANG_CXX_LANGUAGE_STANDARD = "gnu++0x";
				CLANG_CXX_LIBRARY = "libc++";
				CLANG_ENABLE_MODULES = YES;
				CLANG_ENABLE_OBJC_ARC = YES;
				CLANG_WARN_BOOL_CONVERSION = YES;
				CLANG_WARN_CONSTANT_CONVERSION = YES;
				CLANG_WARN_DIRECT_OBJC_ISA_USAGE = YES_ERROR;
				CLANG_WARN_EMPTY_BODY = YES;
				CLANG_WARN_ENUM_CONVERSION = YES;
				CLANG_WARN_INT_CONVERSION = YES;
				CLANG_WARN_OBJC_ROOT_CLASS = YES_ERROR;
				CLANG_WARN_UNREACHABLE_CODE = YES;
				CLANG_WARN__DUPLICATE_METHOD_MATCH = YES;
				"CODE_SIGN_IDENTITY[sdk=iphoneos*]" = "iPhone Developer";
				COPY_PHASE_STRIP = NO;
				DEBUG_INFORMATION_FORMAT = dwarf;
				ENABLE_STRICT_OBJC_MSGSEND = YES;
				ENABLE_TESTABILITY = YES;
				GCC_C_LANGUAGE_STANDARD = gnu99;
				GCC_DYNAMIC_NO_PIC = NO;
				GCC_NO_COMMON_BLOCKS = YES;
				GCC_OPTIMIZATION_LEVEL = 0;
				GCC_PREPROCESSOR_DEFINITIONS = (
					"DEBUG=1",
					"$(inherited)",
				);
				GCC_WARN_64_TO_32_BIT_CONVERSION = YES;
				GCC_WARN_ABOUT_RETURN_TYPE = YES_ERROR;
				GCC_WARN_UNDECLARED_SELECTOR = YES;
				GCC_WARN_UNINITIALIZED_AUTOS = YES_AGGRESSIVE;
				GCC_WARN_UNUSED_FUNCTION = YES;
				GCC_WARN_UNUSED_VARIABLE = YES;
				IPHONEOS_DEPLOYMENT_TARGET = 9.2;
				MTL_ENABLE_DEBUG_INFO = YES;
				ONLY_ACTIVE_ARCH = YES;
				SDKROOT = iphoneos;
				SWIFT_OPTIMIZATION_LEVEL = "-Onone";
			};
			name = Debug;
		};
		FA9E2FBA1C65BBFE004EA185 /* Release */ = {
			isa = XCBuildConfiguration;
			buildSettings = {
				ALWAYS_SEARCH_USER_PATHS = NO;
				CLANG_CXX_LANGUAGE_STANDARD = "gnu++0x";
				CLANG_CXX_LIBRARY = "libc++";
				CLANG_ENABLE_MODULES = YES;
				CLANG_ENABLE_OBJC_ARC = YES;
				CLANG_WARN_BOOL_CONVERSION = YES;
				CLANG_WARN_CONSTANT_CONVERSION = YES;
				CLANG_WARN_DIRECT_OBJC_ISA_USAGE = YES_ERROR;
				CLANG_WARN_EMPTY_BODY = YES;
				CLANG_WARN_ENUM_CONVERSION = YES;
				CLANG_WARN_INT_CONVERSION = YES;
				CLANG_WARN_OBJC_ROOT_CLASS = YES_ERROR;
				CLANG_WARN_UNREACHABLE_CODE = YES;
				CLANG_WARN__DUPLICATE_METHOD_MATCH = YES;
				"CODE_SIGN_IDENTITY[sdk=iphoneos*]" = "iPhone Developer";
				COPY_PHASE_STRIP = NO;
				DEBUG_INFORMATION_FORMAT = "dwarf-with-dsym";
				ENABLE_NS_ASSERTIONS = NO;
				ENABLE_STRICT_OBJC_MSGSEND = YES;
				GCC_C_LANGUAGE_STANDARD = gnu99;
				GCC_NO_COMMON_BLOCKS = YES;
				GCC_WARN_64_TO_32_BIT_CONVERSION = YES;
				GCC_WARN_ABOUT_RETURN_TYPE = YES_ERROR;
				GCC_WARN_UNDECLARED_SELECTOR = YES;
				GCC_WARN_UNINITIALIZED_AUTOS = YES_AGGRESSIVE;
				GCC_WARN_UNUSED_FUNCTION = YES;
				GCC_WARN_UNUSED_VARIABLE = YES;
				IPHONEOS_DEPLOYMENT_TARGET = 9.2;
				MTL_ENABLE_DEBUG_INFO = NO;
				SDKROOT = iphoneos;
				VALIDATE_PRODUCT = YES;
			};
			name = Release;
		};
		FA9E2FBC1C65BBFE004EA185 /* Debug */ = {
			isa = XCBuildConfiguration;
			buildSettings = {
				ASSETCATALOG_COMPILER_APPICON_NAME = AppIcon;
				INFOPLIST_FILE = test/Info.plist;
				LD_RUNPATH_SEARCH_PATHS = "$(inherited) @executable_path/Frameworks";
				PRODUCT_BUNDLE_IDENTIFIER = "jp.ac.gifu-nct.elec.test";
				PRODUCT_NAME = "$(TARGET_NAME)";
			};
			name = Debug;
		};
		FA9E2FBD1C65BBFE004EA185 /* Release */ = {
			isa = XCBuildConfiguration;
			buildSettings = {
				ASSETCATALOG_COMPILER_APPICON_NAME = AppIcon;
				INFOPLIST_FILE = test/Info.plist;
				LD_RUNPATH_SEARCH_PATHS = "$(inherited) @executable_path/Frameworks";
				PRODUCT_BUNDLE_IDENTIFIER = "jp.ac.gifu-nct.elec.test";
				PRODUCT_NAME = "$(TARGET_NAME)";
			};
			name = Release;
		};
		FA9E2FBF1C65BBFE004EA185 /* Debug */ = {
			isa = XCBuildConfiguration;
			buildSettings = {
				BUNDLE_LOADER = "$(TEST_HOST)";
				INFOPLIST_FILE = testTests/Info.plist;
				LD_RUNPATH_SEARCH_PATHS = "$(inherited) @executable_path/Frameworks @loader_path/Frameworks";
				PRODUCT_BUNDLE_IDENTIFIER = "jp.ac.gifu-nct.elec.testTests";
				PRODUCT_NAME = "$(TARGET_NAME)";
				TEST_HOST = "$(BUILT_PRODUCTS_DIR)/test.app/test";
			};
			name = Debug;
		};
		FA9E2FC01C65BBFE004EA185 /* Release */ = {
			isa = XCBuildConfiguration;
			buildSettings = {
				BUNDLE_LOADER = "$(TEST_HOST)";
				INFOPLIST_FILE = testTests/Info.plist;
				LD_RUNPATH_SEARCH_PATHS = "$(inherited) @executable_path/Frameworks @loader_path/Frameworks";
				PRODUCT_BUNDLE_IDENTIFIER = "jp.ac.gifu-nct.elec.testTests";
				PRODUCT_NAME = "$(TARGET_NAME)";
				TEST_HOST = "$(BUILT_PRODUCTS_DIR)/test.app/test";
			};
			name = Release;
		};
		FA9E2FC21C65BBFE004EA185 /* Debug */ = {
			isa = XCBuildConfiguration;
			buildSettings = {
				INFOPLIST_FILE = testUITests/Info.plist;
				LD_RUNPATH_SEARCH_PATHS = "$(inherited) @executable_path/Frameworks @loader_path/Frameworks";
				PRODUCT_BUNDLE_IDENTIFIER = "jp.ac.gifu-nct.elec.testUITests";
				PRODUCT_NAME = "$(TARGET_NAME)";
				TEST_TARGET_NAME = test;
				USES_XCTRUNNER = YES;
			};
			name = Debug;
		};
		FA9E2FC31C65BBFE004EA185 /* Release */ = {
			isa = XCBuildConfiguration;
			buildSettings = {
				INFOPLIST_FILE = testUITests/Info.plist;
				LD_RUNPATH_SEARCH_PATHS = "$(inherited) @executable_path/Frameworks @loader_path/Frameworks";
				PRODUCT_BUNDLE_IDENTIFIER = "jp.ac.gifu-nct.elec.testUITests";
				PRODUCT_NAME = "$(TARGET_NAME)";
				TEST_TARGET_NAME = test;
				USES_XCTRUNNER = YES;
			};
			name = Release;
		};
/* End XCBuildConfiguration section */

/* Begin XCConfigurationList section */
		FA9E2F8B1C65BBFE004EA185 /* Build configuration list for PBXProject "test" */ = {
			isa = XCConfigurationList;
			buildConfigurations = (
				FA9E2FB91C65BBFE004EA185 /* Debug */,
				FA9E2FBA1C65BBFE004EA185 /* Release */,
			);
			defaultConfigurationIsVisible = 0;
			defaultConfigurationName = Release;
		};
		FA9E2FBB1C65BBFE004EA185 /* Build configuration list for PBXNativeTarget "test" */ = {
			isa = XCConfigurationList;
			buildConfigurations = (
				FA9E2FBC1C65BBFE004EA185 /* Debug */,
				FA9E2FBD1C65BBFE004EA185 /* Release */,
			);
			defaultConfigurationIsVisible = 0;
		};
		FA9E2FBE1C65BBFE004EA185 /* Build configuration list for PBXNativeTarget "testTests" */ = {
			isa = XCConfigurationList;
			buildConfigurations = (
				FA9E2FBF1C65BBFE004EA185 /* Debug */,
				FA9E2FC01C65BBFE004EA185 /* Release */,
			);
			defaultConfigurationIsVisible = 0;
		};
		FA9E2FC11C65BBFE004EA185 /* Build configuration list for PBXNativeTarget "testUITests" */ = {
			isa = XCConfigurationList;
			buildConfigurations = (
				FA9E2FC21C65BBFE004EA185 /* Debug */,
				FA9E2FC31C65BBFE004EA185 /* Release */,
			);
			defaultConfigurationIsVisible = 0;
		};
/* End XCConfigurationList section */

/* Begin XCVersionGroup section */
		FA9E2F9A1C65BBFE004EA185 /* test.xcdatamodeld */ = {
			isa = XCVersionGroup;
			children = (
				FA9E2F9B1C65BBFE004EA185 /* test.xcdatamodel */,
			);
			currentVersion = FA9E2F9B1C65BBFE004EA185 /* test.xcdatamodel */;
			path = test.xcdatamodeld;
			sourceTree = "<group>";
			versionGroupType = wrapper.xcdatamodel;
		};
/* End XCVersionGroup section */
	};
	rootObject = FA9E2F881C65BBFE004EA185 /* Project object */;
}
