// !$*UTF8*$!
{
	archiveVersion = 1;
	classes = {
	};
	objectVersion = 46;
	objects = {

/* Begin PBXBuildFile section */
		FA9C85921C6FE2E100837696 /* AppDelegate.swift in Sources */ = {isa = PBXBuildFile; fileRef = FA9C85911C6FE2E100837696 /* AppDelegate.swift */; };
		FA9C85941C6FE2E100837696 /* ViewController.swift in Sources */ = {isa = PBXBuildFile; fileRef = FA9C85931C6FE2E100837696 /* ViewController.swift */; };
		FA9C85971C6FE2E100837696 /* Main.storyboard in Resources */ = {isa = PBXBuildFile; fileRef = FA9C85951C6FE2E100837696 /* Main.storyboard */; };
		FA9C859A1C6FE2E100837696 /* maze.xcdatamodeld in Sources */ = {isa = PBXBuildFile; fileRef = FA9C85981C6FE2E100837696 /* maze.xcdatamodeld */; };
		FA9C859C1C6FE2E100837696 /* Assets.xcassets in Resources */ = {isa = PBXBuildFile; fileRef = FA9C859B1C6FE2E100837696 /* Assets.xcassets */; };
		FA9C859F1C6FE2E100837696 /* LaunchScreen.storyboard in Resources */ = {isa = PBXBuildFile; fileRef = FA9C859D1C6FE2E100837696 /* LaunchScreen.storyboard */; };
		FA9C85AA1C6FE2E100837696 /* mazeTests.swift in Sources */ = {isa = PBXBuildFile; fileRef = FA9C85A91C6FE2E100837696 /* mazeTests.swift */; };
		FA9C85B51C6FE2E100837696 /* mazeUITests.swift in Sources */ = {isa = PBXBuildFile; fileRef = FA9C85B41C6FE2E100837696 /* mazeUITests.swift */; };
/* End PBXBuildFile section */

/* Begin PBXContainerItemProxy section */
		FA9C85A61C6FE2E100837696 /* PBXContainerItemProxy */ = {
			isa = PBXContainerItemProxy;
			containerPortal = FA9C85861C6FE2E100837696 /* Project object */;
			proxyType = 1;
			remoteGlobalIDString = FA9C858D1C6FE2E100837696;
			remoteInfo = maze;
		};
		FA9C85B11C6FE2E100837696 /* PBXContainerItemProxy */ = {
			isa = PBXContainerItemProxy;
			containerPortal = FA9C85861C6FE2E100837696 /* Project object */;
			proxyType = 1;
			remoteGlobalIDString = FA9C858D1C6FE2E100837696;
			remoteInfo = maze;
		};
/* End PBXContainerItemProxy section */

/* Begin PBXFileReference section */
		FA9C858E1C6FE2E100837696 /* maze.app */ = {isa = PBXFileReference; explicitFileType = wrapper.application; includeInIndex = 0; path = maze.app; sourceTree = BUILT_PRODUCTS_DIR; };
		FA9C85911C6FE2E100837696 /* AppDelegate.swift */ = {isa = PBXFileReference; lastKnownFileType = sourcecode.swift; path = AppDelegate.swift; sourceTree = "<group>"; };
		FA9C85931C6FE2E100837696 /* ViewController.swift */ = {isa = PBXFileReference; lastKnownFileType = sourcecode.swift; path = ViewController.swift; sourceTree = "<group>"; };
		FA9C85961C6FE2E100837696 /* Base */ = {isa = PBXFileReference; lastKnownFileType = file.storyboard; name = Base; path = Base.lproj/Main.storyboard; sourceTree = "<group>"; };
		FA9C85991C6FE2E100837696 /* maze.xcdatamodel */ = {isa = PBXFileReference; lastKnownFileType = wrapper.xcdatamodel; path = maze.xcdatamodel; sourceTree = "<group>"; };
		FA9C859B1C6FE2E100837696 /* Assets.xcassets */ = {isa = PBXFileReference; lastKnownFileType = folder.assetcatalog; path = Assets.xcassets; sourceTree = "<group>"; };
		FA9C859E1C6FE2E100837696 /* Base */ = {isa = PBXFileReference; lastKnownFileType = file.storyboard; name = Base; path = Base.lproj/LaunchScreen.storyboard; sourceTree = "<group>"; };
		FA9C85A01C6FE2E100837696 /* Info.plist */ = {isa = PBXFileReference; lastKnownFileType = text.plist.xml; path = Info.plist; sourceTree = "<group>"; };
		FA9C85A51C6FE2E100837696 /* mazeTests.xctest */ = {isa = PBXFileReference; explicitFileType = wrapper.cfbundle; includeInIndex = 0; path = mazeTests.xctest; sourceTree = BUILT_PRODUCTS_DIR; };
		FA9C85A91C6FE2E100837696 /* mazeTests.swift */ = {isa = PBXFileReference; lastKnownFileType = sourcecode.swift; path = mazeTests.swift; sourceTree = "<group>"; };
		FA9C85AB1C6FE2E100837696 /* Info.plist */ = {isa = PBXFileReference; lastKnownFileType = text.plist.xml; path = Info.plist; sourceTree = "<group>"; };
		FA9C85B01C6FE2E100837696 /* mazeUITests.xctest */ = {isa = PBXFileReference; explicitFileType = wrapper.cfbundle; includeInIndex = 0; path = mazeUITests.xctest; sourceTree = BUILT_PRODUCTS_DIR; };
		FA9C85B41C6FE2E100837696 /* mazeUITests.swift */ = {isa = PBXFileReference; lastKnownFileType = sourcecode.swift; path = mazeUITests.swift; sourceTree = "<group>"; };
		FA9C85B61C6FE2E100837696 /* Info.plist */ = {isa = PBXFileReference; lastKnownFileType = text.plist.xml; path = Info.plist; sourceTree = "<group>"; };
/* End PBXFileReference section */

/* Begin PBXFrameworksBuildPhase section */
		FA9C858B1C6FE2E100837696 /* Frameworks */ = {
			isa = PBXFrameworksBuildPhase;
			buildActionMask = 2147483647;
			files = (
			);
			runOnlyForDeploymentPostprocessing = 0;
		};
		FA9C85A21C6FE2E100837696 /* Frameworks */ = {
			isa = PBXFrameworksBuildPhase;
			buildActionMask = 2147483647;
			files = (
			);
			runOnlyForDeploymentPostprocessing = 0;
		};
		FA9C85AD1C6FE2E100837696 /* Frameworks */ = {
			isa = PBXFrameworksBuildPhase;
			buildActionMask = 2147483647;
			files = (
			);
			runOnlyForDeploymentPostprocessing = 0;
		};
/* End PBXFrameworksBuildPhase section */

/* Begin PBXGroup section */
		FA9C85851C6FE2E100837696 = {
			isa = PBXGroup;
			children = (
				FA9C85901C6FE2E100837696 /* maze */,
				FA9C85A81C6FE2E100837696 /* mazeTests */,
				FA9C85B31C6FE2E100837696 /* mazeUITests */,
				FA9C858F1C6FE2E100837696 /* Products */,
			);
			sourceTree = "<group>";
		};
		FA9C858F1C6FE2E100837696 /* Products */ = {
			isa = PBXGroup;
			children = (
				FA9C858E1C6FE2E100837696 /* maze.app */,
				FA9C85A51C6FE2E100837696 /* mazeTests.xctest */,
				FA9C85B01C6FE2E100837696 /* mazeUITests.xctest */,
			);
			name = Products;
			sourceTree = "<group>";
		};
		FA9C85901C6FE2E100837696 /* maze */ = {
			isa = PBXGroup;
			children = (
				FA9C85911C6FE2E100837696 /* AppDelegate.swift */,
				FA9C85931C6FE2E100837696 /* ViewController.swift */,
				FA9C85951C6FE2E100837696 /* Main.storyboard */,
				FA9C859B1C6FE2E100837696 /* Assets.xcassets */,
				FA9C859D1C6FE2E100837696 /* LaunchScreen.storyboard */,
				FA9C85A01C6FE2E100837696 /* Info.plist */,
				FA9C85981C6FE2E100837696 /* maze.xcdatamodeld */,
			);
			path = maze;
			sourceTree = "<group>";
		};
		FA9C85A81C6FE2E100837696 /* mazeTests */ = {
			isa = PBXGroup;
			children = (
				FA9C85A91C6FE2E100837696 /* mazeTests.swift */,
				FA9C85AB1C6FE2E100837696 /* Info.plist */,
			);
			path = mazeTests;
			sourceTree = "<group>";
		};
		FA9C85B31C6FE2E100837696 /* mazeUITests */ = {
			isa = PBXGroup;
			children = (
				FA9C85B41C6FE2E100837696 /* mazeUITests.swift */,
				FA9C85B61C6FE2E100837696 /* Info.plist */,
			);
			path = mazeUITests;
			sourceTree = "<group>";
		};
/* End PBXGroup section */

/* Begin PBXNativeTarget section */
		FA9C858D1C6FE2E100837696 /* maze */ = {
			isa = PBXNativeTarget;
			buildConfigurationList = FA9C85B91C6FE2E100837696 /* Build configuration list for PBXNativeTarget "maze" */;
			buildPhases = (
				FA9C858A1C6FE2E100837696 /* Sources */,
				FA9C858B1C6FE2E100837696 /* Frameworks */,
				FA9C858C1C6FE2E100837696 /* Resources */,
			);
			buildRules = (
			);
			dependencies = (
			);
			name = maze;
			productName = maze;
			productReference = FA9C858E1C6FE2E100837696 /* maze.app */;
			productType = "com.apple.product-type.application";
		};
		FA9C85A41C6FE2E100837696 /* mazeTests */ = {
			isa = PBXNativeTarget;
			buildConfigurationList = FA9C85BC1C6FE2E100837696 /* Build configuration list for PBXNativeTarget "mazeTests" */;
			buildPhases = (
				FA9C85A11C6FE2E100837696 /* Sources */,
				FA9C85A21C6FE2E100837696 /* Frameworks */,
				FA9C85A31C6FE2E100837696 /* Resources */,
			);
			buildRules = (
			);
			dependencies = (
				FA9C85A71C6FE2E100837696 /* PBXTargetDependency */,
			);
			name = mazeTests;
			productName = mazeTests;
			productReference = FA9C85A51C6FE2E100837696 /* mazeTests.xctest */;
			productType = "com.apple.product-type.bundle.unit-test";
		};
		FA9C85AF1C6FE2E100837696 /* mazeUITests */ = {
			isa = PBXNativeTarget;
			buildConfigurationList = FA9C85BF1C6FE2E100837696 /* Build configuration list for PBXNativeTarget "mazeUITests" */;
			buildPhases = (
				FA9C85AC1C6FE2E100837696 /* Sources */,
				FA9C85AD1C6FE2E100837696 /* Frameworks */,
				FA9C85AE1C6FE2E100837696 /* Resources */,
			);
			buildRules = (
			);
			dependencies = (
				FA9C85B21C6FE2E100837696 /* PBXTargetDependency */,
			);
			name = mazeUITests;
			productName = mazeUITests;
			productReference = FA9C85B01C6FE2E100837696 /* mazeUITests.xctest */;
			productType = "com.apple.product-type.bundle.ui-testing";
		};
/* End PBXNativeTarget section */

/* Begin PBXProject section */
		FA9C85861C6FE2E100837696 /* Project object */ = {
			isa = PBXProject;
			attributes = {
				LastSwiftUpdateCheck = 0720;
				LastUpgradeCheck = 0720;
				ORGANIZATIONNAME = "Nishinaka Tomoki";
				TargetAttributes = {
					FA9C858D1C6FE2E100837696 = {
						CreatedOnToolsVersion = 7.2;
					};
					FA9C85A41C6FE2E100837696 = {
						CreatedOnToolsVersion = 7.2;
						TestTargetID = FA9C858D1C6FE2E100837696;
					};
					FA9C85AF1C6FE2E100837696 = {
						CreatedOnToolsVersion = 7.2;
						TestTargetID = FA9C858D1C6FE2E100837696;
					};
				};
			};
			buildConfigurationList = FA9C85891C6FE2E100837696 /* Build configuration list for PBXProject "maze" */;
			compatibilityVersion = "Xcode 3.2";
			developmentRegion = English;
			hasScannedForEncodings = 0;
			knownRegions = (
				en,
				Base,
			);
			mainGroup = FA9C85851C6FE2E100837696;
			productRefGroup = FA9C858F1C6FE2E100837696 /* Products */;
			projectDirPath = "";
			projectRoot = "";
			targets = (
				FA9C858D1C6FE2E100837696 /* maze */,
				FA9C85A41C6FE2E100837696 /* mazeTests */,
				FA9C85AF1C6FE2E100837696 /* mazeUITests */,
			);
		};
/* End PBXProject section */

/* Begin PBXResourcesBuildPhase section */
		FA9C858C1C6FE2E100837696 /* Resources */ = {
			isa = PBXResourcesBuildPhase;
			buildActionMask = 2147483647;
			files = (
				FA9C859F1C6FE2E100837696 /* LaunchScreen.storyboard in Resources */,
				FA9C859C1C6FE2E100837696 /* Assets.xcassets in Resources */,
				FA9C85971C6FE2E100837696 /* Main.storyboard in Resources */,
			);
			runOnlyForDeploymentPostprocessing = 0;
		};
		FA9C85A31C6FE2E100837696 /* Resources */ = {
			isa = PBXResourcesBuildPhase;
			buildActionMask = 2147483647;
			files = (
			);
			runOnlyForDeploymentPostprocessing = 0;
		};
		FA9C85AE1C6FE2E100837696 /* Resources */ = {
			isa = PBXResourcesBuildPhase;
			buildActionMask = 2147483647;
			files = (
			);
			runOnlyForDeploymentPostprocessing = 0;
		};
/* End PBXResourcesBuildPhase section */

/* Begin PBXSourcesBuildPhase section */
		FA9C858A1C6FE2E100837696 /* Sources */ = {
			isa = PBXSourcesBuildPhase;
			buildActionMask = 2147483647;
			files = (
				FA9C85941C6FE2E100837696 /* ViewController.swift in Sources */,
				FA9C859A1C6FE2E100837696 /* maze.xcdatamodeld in Sources */,
				FA9C85921C6FE2E100837696 /* AppDelegate.swift in Sources */,
			);
			runOnlyForDeploymentPostprocessing = 0;
		};
		FA9C85A11C6FE2E100837696 /* Sources */ = {
			isa = PBXSourcesBuildPhase;
			buildActionMask = 2147483647;
			files = (
				FA9C85AA1C6FE2E100837696 /* mazeTests.swift in Sources */,
			);
			runOnlyForDeploymentPostprocessing = 0;
		};
		FA9C85AC1C6FE2E100837696 /* Sources */ = {
			isa = PBXSourcesBuildPhase;
			buildActionMask = 2147483647;
			files = (
				FA9C85B51C6FE2E100837696 /* mazeUITests.swift in Sources */,
			);
			runOnlyForDeploymentPostprocessing = 0;
		};
/* End PBXSourcesBuildPhase section */

/* Begin PBXTargetDependency section */
		FA9C85A71C6FE2E100837696 /* PBXTargetDependency */ = {
			isa = PBXTargetDependency;
			target = FA9C858D1C6FE2E100837696 /* maze */;
			targetProxy = FA9C85A61C6FE2E100837696 /* PBXContainerItemProxy */;
		};
		FA9C85B21C6FE2E100837696 /* PBXTargetDependency */ = {
			isa = PBXTargetDependency;
			target = FA9C858D1C6FE2E100837696 /* maze */;
			targetProxy = FA9C85B11C6FE2E100837696 /* PBXContainerItemProxy */;
		};
/* End PBXTargetDependency section */

/* Begin PBXVariantGroup section */
		FA9C85951C6FE2E100837696 /* Main.storyboard */ = {
			isa = PBXVariantGroup;
			children = (
				FA9C85961C6FE2E100837696 /* Base */,
			);
			name = Main.storyboard;
			sourceTree = "<group>";
		};
		FA9C859D1C6FE2E100837696 /* LaunchScreen.storyboard */ = {
			isa = PBXVariantGroup;
			children = (
				FA9C859E1C6FE2E100837696 /* Base */,
			);
			name = LaunchScreen.storyboard;
			sourceTree = "<group>";
		};
/* End PBXVariantGroup section */

/* Begin XCBuildConfiguration section */
		FA9C85B71C6FE2E100837696 /* Debug */ = {
			isa = XCBuildConfiguration;
			buildSettings = {
				ALWAYS_SEARCH_USER_PATHS = NO;
				CLANG_CXX_LANGUAGE_STANDARD = "gnu++0x";
				CLANG_CXX_LIBRARY = "libc++";
				CLANG_ENABLE_MODULES = YES;
				CLANG_ENABLE_OBJC_ARC = YES;
				CLANG_WARN_BOOL_CONVERSION = YES;
				CLANG_WARN_CONSTANT_CONVERSION = YES;
				CLANG_WARN_DIRECT_OBJC_ISA_USAGE = YES_ERROR;
				CLANG_WARN_EMPTY_BODY = YES;
				CLANG_WARN_ENUM_CONVERSION = YES;
				CLANG_WARN_INT_CONVERSION = YES;
				CLANG_WARN_OBJC_ROOT_CLASS = YES_ERROR;
				CLANG_WARN_UNREACHABLE_CODE = YES;
				CLANG_WARN__DUPLICATE_METHOD_MATCH = YES;
				"CODE_SIGN_IDENTITY[sdk=iphoneos*]" = "iPhone Developer";
				COPY_PHASE_STRIP = NO;
				DEBUG_INFORMATION_FORMAT = dwarf;
				ENABLE_STRICT_OBJC_MSGSEND = YES;
				ENABLE_TESTABILITY = YES;
				GCC_C_LANGUAGE_STANDARD = gnu99;
				GCC_DYNAMIC_NO_PIC = NO;
				GCC_NO_COMMON_BLOCKS = YES;
				GCC_OPTIMIZATION_LEVEL = 0;
				GCC_PREPROCESSOR_DEFINITIONS = (
					"DEBUG=1",
					"$(inherited)",
				);
				GCC_WARN_64_TO_32_BIT_CONVERSION = YES;
				GCC_WARN_ABOUT_RETURN_TYPE = YES_ERROR;
				GCC_WARN_UNDECLARED_SELECTOR = YES;
				GCC_WARN_UNINITIALIZED_AUTOS = YES_AGGRESSIVE;
				GCC_WARN_UNUSED_FUNCTION = YES;
				GCC_WARN_UNUSED_VARIABLE = YES;
				IPHONEOS_DEPLOYMENT_TARGET = 9.2;
				MTL_ENABLE_DEBUG_INFO = YES;
				ONLY_ACTIVE_ARCH = YES;
				SDKROOT = iphoneos;
				SWIFT_OPTIMIZATION_LEVEL = "-Onone";
			};
			name = Debug;
		};
		FA9C85B81C6FE2E100837696 /* Release */ = {
			isa = XCBuildConfiguration;
			buildSettings = {
				ALWAYS_SEARCH_USER_PATHS = NO;
				CLANG_CXX_LANGUAGE_STANDARD = "gnu++0x";
				CLANG_CXX_LIBRARY = "libc++";
				CLANG_ENABLE_MODULES = YES;
				CLANG_ENABLE_OBJC_ARC = YES;
				CLANG_WARN_BOOL_CONVERSION = YES;
				CLANG_WARN_CONSTANT_CONVERSION = YES;
				CLANG_WARN_DIRECT_OBJC_ISA_USAGE = YES_ERROR;
				CLANG_WARN_EMPTY_BODY = YES;
				CLANG_WARN_ENUM_CONVERSION = YES;
				CLANG_WARN_INT_CONVERSION = YES;
				CLANG_WARN_OBJC_ROOT_CLASS = YES_ERROR;
				CLANG_WARN_UNREACHABLE_CODE = YES;
				CLANG_WARN__DUPLICATE_METHOD_MATCH = YES;
				"CODE_SIGN_IDENTITY[sdk=iphoneos*]" = "iPhone Developer";
				COPY_PHASE_STRIP = NO;
				DEBUG_INFORMATION_FORMAT = "dwarf-with-dsym";
				ENABLE_NS_ASSERTIONS = NO;
				ENABLE_STRICT_OBJC_MSGSEND = YES;
				GCC_C_LANGUAGE_STANDARD = gnu99;
				GCC_NO_COMMON_BLOCKS = YES;
				GCC_WARN_64_TO_32_BIT_CONVERSION = YES;
				GCC_WARN_ABOUT_RETURN_TYPE = YES_ERROR;
				GCC_WARN_UNDECLARED_SELECTOR = YES;
				GCC_WARN_UNINITIALIZED_AUTOS = YES_AGGRESSIVE;
				GCC_WARN_UNUSED_FUNCTION = YES;
				GCC_WARN_UNUSED_VARIABLE = YES;
				IPHONEOS_DEPLOYMENT_TARGET = 9.2;
				MTL_ENABLE_DEBUG_INFO = NO;
				SDKROOT = iphoneos;
				VALIDATE_PRODUCT = YES;
			};
			name = Release;
		};
		FA9C85BA1C6FE2E100837696 /* Debug */ = {
			isa = XCBuildConfiguration;
			buildSettings = {
				ASSETCATALOG_COMPILER_APPICON_NAME = AppIcon;
				INFOPLIST_FILE = maze/Info.plist;
				LD_RUNPATH_SEARCH_PATHS = "$(inherited) @executable_path/Frameworks";
				PRODUCT_BUNDLE_IDENTIFIER = "jp.ac.gifu-nct.elec.maze";
				PRODUCT_NAME = "$(TARGET_NAME)";
			};
			name = Debug;
		};
		FA9C85BB1C6FE2E100837696 /* Release */ = {
			isa = XCBuildConfiguration;
			buildSettings = {
				ASSETCATALOG_COMPILER_APPICON_NAME = AppIcon;
				INFOPLIST_FILE = maze/Info.plist;
				LD_RUNPATH_SEARCH_PATHS = "$(inherited) @executable_path/Frameworks";
				PRODUCT_BUNDLE_IDENTIFIER = "jp.ac.gifu-nct.elec.maze";
				PRODUCT_NAME = "$(TARGET_NAME)";
			};
			name = Release;
		};
		FA9C85BD1C6FE2E100837696 /* Debug */ = {
			isa = XCBuildConfiguration;
			buildSettings = {
				BUNDLE_LOADER = "$(TEST_HOST)";
				INFOPLIST_FILE = mazeTests/Info.plist;
				LD_RUNPATH_SEARCH_PATHS = "$(inherited) @executable_path/Frameworks @loader_path/Frameworks";
				PRODUCT_BUNDLE_IDENTIFIER = "jp.ac.gifu-nct.elec.mazeTests";
				PRODUCT_NAME = "$(TARGET_NAME)";
				TEST_HOST = "$(BUILT_PRODUCTS_DIR)/maze.app/maze";
			};
			name = Debug;
		};
		FA9C85BE1C6FE2E100837696 /* Release */ = {
			isa = XCBuildConfiguration;
			buildSettings = {
				BUNDLE_LOADER = "$(TEST_HOST)";
				INFOPLIST_FILE = mazeTests/Info.plist;
				LD_RUNPATH_SEARCH_PATHS = "$(inherited) @executable_path/Frameworks @loader_path/Frameworks";
				PRODUCT_BUNDLE_IDENTIFIER = "jp.ac.gifu-nct.elec.mazeTests";
				PRODUCT_NAME = "$(TARGET_NAME)";
				TEST_HOST = "$(BUILT_PRODUCTS_DIR)/maze.app/maze";
			};
			name = Release;
		};
		FA9C85C01C6FE2E100837696 /* Debug */ = {
			isa = XCBuildConfiguration;
			buildSettings = {
				INFOPLIST_FILE = mazeUITests/Info.plist;
				LD_RUNPATH_SEARCH_PATHS = "$(inherited) @executable_path/Frameworks @loader_path/Frameworks";
				PRODUCT_BUNDLE_IDENTIFIER = "jp.ac.gifu-nct.elec.mazeUITests";
				PRODUCT_NAME = "$(TARGET_NAME)";
				TEST_TARGET_NAME = maze;
				USES_XCTRUNNER = YES;
			};
			name = Debug;
		};
		FA9C85C11C6FE2E100837696 /* Release */ = {
			isa = XCBuildConfiguration;
			buildSettings = {
				INFOPLIST_FILE = mazeUITests/Info.plist;
				LD_RUNPATH_SEARCH_PATHS = "$(inherited) @executable_path/Frameworks @loader_path/Frameworks";
				PRODUCT_BUNDLE_IDENTIFIER = "jp.ac.gifu-nct.elec.mazeUITests";
				PRODUCT_NAME = "$(TARGET_NAME)";
				TEST_TARGET_NAME = maze;
				USES_XCTRUNNER = YES;
			};
			name = Release;
		};
/* End XCBuildConfiguration section */

/* Begin XCConfigurationList section */
		FA9C85891C6FE2E100837696 /* Build configuration list for PBXProject "maze" */ = {
			isa = XCConfigurationList;
			buildConfigurations = (
				FA9C85B71C6FE2E100837696 /* Debug */,
				FA9C85B81C6FE2E100837696 /* Release */,
			);
			defaultConfigurationIsVisible = 0;
			defaultConfigurationName = Release;
		};
		FA9C85B91C6FE2E100837696 /* Build configuration list for PBXNativeTarget "maze" */ = {
			isa = XCConfigurationList;
			buildConfigurations = (
				FA9C85BA1C6FE2E100837696 /* Debug */,
				FA9C85BB1C6FE2E100837696 /* Release */,
			);
			defaultConfigurationIsVisible = 0;
		};
		FA9C85BC1C6FE2E100837696 /* Build configuration list for PBXNativeTarget "mazeTests" */ = {
			isa = XCConfigurationList;
			buildConfigurations = (
				FA9C85BD1C6FE2E100837696 /* Debug */,
				FA9C85BE1C6FE2E100837696 /* Release */,
			);
			defaultConfigurationIsVisible = 0;
		};
		FA9C85BF1C6FE2E100837696 /* Build configuration list for PBXNativeTarget "mazeUITests" */ = {
			isa = XCConfigurationList;
			buildConfigurations = (
				FA9C85C01C6FE2E100837696 /* Debug */,
				FA9C85C11C6FE2E100837696 /* Release */,
			);
			defaultConfigurationIsVisible = 0;
		};
/* End XCConfigurationList section */

/* Begin XCVersionGroup section */
		FA9C85981C6FE2E100837696 /* maze.xcdatamodeld */ = {
			isa = XCVersionGroup;
			children = (
				FA9C85991C6FE2E100837696 /* maze.xcdatamodel */,
			);
			currentVersion = FA9C85991C6FE2E100837696 /* maze.xcdatamodel */;
			path = maze.xcdatamodeld;
			sourceTree = "<group>";
			versionGroupType = wrapper.xcdatamodel;
		};
/* End XCVersionGroup section */
	};
	rootObject = FA9C85861C6FE2E100837696 /* Project object */;
}
